
Microsoft Visual Studio Solution File, Format Version 12.00
# Visual Studio Version 16
VisualStudioVersion = 16.0.31321.278
MinimumVisualStudioVersion = 10.0.40219.1
Project("{9A19103F-16F7-4668-BE54-9A1E7A4F7556}") = "Chinese", "Chinese\Chinese.csproj", "{1225B432-029B-4B96-B6E7-1EDB473C349F}"
EndProject
Project("{2150E333-8FDC-42A3-9474-1A3956D46DE8}") = "Solution Items", "Solution Items", "{9E0E4BE2-A61F-40CE-BCC7-0558284D6B74}"
	ProjectSection(SolutionItems) = preProject
		LICENSE = LICENSE
		README.md = README.md
	EndProjectSection
EndProject
Global
	GlobalSection(SolutionConfigurationPlatforms) = preSolution
		Debug|Any CPU = Debug|Any CPU
		Release|Any CPU = Release|Any CPU
	EndGlobalSection
	GlobalSection(ProjectConfigurationPlatforms) = postSolution
		{1225B432-029B-4B96-B6E7-1EDB473C349F}.Debug|Any CPU.ActiveCfg = Debug|Any CPU
		{1225B432-029B-4B96-B6E7-1EDB473C349F}.Debug|Any CPU.Build.0 = Debug|Any CPU
		{1225B432-029B-4B96-B6E7-1EDB473C349F}.Release|Any CPU.ActiveCfg = Release|Any CPU
		{1225B432-029B-4B96-B6E7-1EDB473C349F}.Release|Any CPU.Build.0 = Release|Any CPU
	EndGlobalSection
	GlobalSection(SolutionProperties) = preSolution
		HideSolutionNode = FALSE
	EndGlobalSection
	GlobalSection(ExtensibilityGlobals) = postSolution
		SolutionGuid = {3BA61BB2-2E35-4986-9A83-B9AEF6411940}
	EndGlobalSection
EndGlobal
